
Microsoft Visual Studio Solution File, Format Version 12.00
# Visual Studio Version 16
VisualStudioVersion = 16.0.30517.126
MinimumVisualStudioVersion = 10.0.40219.1
Project("{FAE04EC0-301F-11D3-BF4B-00C04F79EFBC}") = "Udemy_DotNet_Core_Tutorial_RPG_WebAPI", "Udemy_DotNet_Core_Tutorial_RPG_WebAPI.csproj", "{74883FA6-FE53-43A8-9822-B0892B4FA931}"
EndProject
Global
	GlobalSection(SolutionConfigurationPlatforms) = preSolution
		Debug|Any CPU = Debug|Any CPU
		Release|Any CPU = Release|Any CPU
	EndGlobalSection
	GlobalSection(ProjectConfigurationPlatforms) = postSolution
		{74883FA6-FE53-43A8-9822-B0892B4FA931}.Debug|Any CPU.ActiveCfg = Debug|Any CPU
		{74883FA6-FE53-43A8-9822-B0892B4FA931}.Debug|Any CPU.Build.0 = Debug|Any CPU
		{74883FA6-FE53-43A8-9822-B0892B4FA931}.Release|Any CPU.ActiveCfg = Release|Any CPU
		{74883FA6-FE53-43A8-9822-B0892B4FA931}.Release|Any CPU.Build.0 = Release|Any CPU
	EndGlobalSection
	GlobalSection(SolutionProperties) = preSolution
		HideSolutionNode = FALSE
	EndGlobalSection
	GlobalSection(ExtensibilityGlobals) = postSolution
		SolutionGuid = {BC31AD4B-0B47-44A5-A37E-2EEB79CA289B}
	EndGlobalSection
EndGlobal
